// !$*UTF8*$!
{
	archiveVersion = 1;
	classes = {
	};
	objectVersion = 56;
	objects = {

/* Begin PBXBuildFile section */
		B4C032F32A06C93800628277 /* AppDelegate.swift in Sources */ = {isa = PBXBuildFile; fileRef = B4C032F22A06C93800628277 /* AppDelegate.swift */; };
		B4C032F52A06C93800628277 /* SceneDelegate.swift in Sources */ = {isa = PBXBuildFile; fileRef = B4C032F42A06C93800628277 /* SceneDelegate.swift */; };
		B4C032FC2A06C93900628277 /* Assets.xcassets in Resources */ = {isa = PBXBuildFile; fileRef = B4C032FB2A06C93900628277 /* Assets.xcassets */; };
		B4C032FF2A06C93900628277 /* LaunchScreen.storyboard in Resources */ = {isa = PBXBuildFile; fileRef = B4C032FD2A06C93900628277 /* LaunchScreen.storyboard */; };
		B4C0336B2A0CFDC700628277 /* MainViewController.swift in Sources */ = {isa = PBXBuildFile; fileRef = B4C0336A2A0CFDC700628277 /* MainViewController.swift */; };
		B4C033752A0E77A100628277 /* UserDetailsViewController.swift in Sources */ = {isa = PBXBuildFile; fileRef = B4C033742A0E77A100628277 /* UserDetailsViewController.swift */; };
		B4E1A6B82A123B140055DD49 /* HomePageViewController.swift in Sources */ = {isa = PBXBuildFile; fileRef = B4E1A6B72A123B140055DD49 /* HomePageViewController.swift */; };
		B4E1A6BD2A1392C00055DD49 /* Exercise.swift in Sources */ = {isa = PBXBuildFile; fileRef = B4E1A6BC2A1392C00055DD49 /* Exercise.swift */; };
		B4E1A6C22A1398990055DD49 /* ExerciseCell.swift in Sources */ = {isa = PBXBuildFile; fileRef = B4E1A6C12A1398990055DD49 /* ExerciseCell.swift */; };
		B4E1A6C42A148C140055DD49 /* ExerciseDetailViewController.swift in Sources */ = {isa = PBXBuildFile; fileRef = B4E1A6C32A148C140055DD49 /* ExerciseDetailViewController.swift */; };
		B4E1A6C62A14D3580055DD49 /* RegistrationViewController.swift in Sources */ = {isa = PBXBuildFile; fileRef = B4E1A6C52A14D3580055DD49 /* RegistrationViewController.swift */; };
		B4E1A6C82A14DA100055DD49 /* LoginViewController.swift in Sources */ = {isa = PBXBuildFile; fileRef = B4E1A6C72A14DA100055DD49 /* LoginViewController.swift */; };
/* End PBXBuildFile section */

/* Begin PBXFileReference section */
		B4C032EF2A06C93800628277 /* iOS-FinalProject.app */ = {isa = PBXFileReference; explicitFileType = wrapper.application; includeInIndex = 0; path = "iOS-FinalProject.app"; sourceTree = BUILT_PRODUCTS_DIR; };
		B4C032F22A06C93800628277 /* AppDelegate.swift */ = {isa = PBXFileReference; lastKnownFileType = sourcecode.swift; path = AppDelegate.swift; sourceTree = "<group>"; };
		B4C032F42A06C93800628277 /* SceneDelegate.swift */ = {isa = PBXFileReference; lastKnownFileType = sourcecode.swift; path = SceneDelegate.swift; sourceTree = "<group>"; };
		B4C032FB2A06C93900628277 /* Assets.xcassets */ = {isa = PBXFileReference; lastKnownFileType = folder.assetcatalog; path = Assets.xcassets; sourceTree = "<group>"; };
		B4C032FE2A06C93900628277 /* Base */ = {isa = PBXFileReference; lastKnownFileType = file.storyboard; name = Base; path = Base.lproj/LaunchScreen.storyboard; sourceTree = "<group>"; };
		B4C033002A06C93900628277 /* Info.plist */ = {isa = PBXFileReference; lastKnownFileType = text.plist.xml; path = Info.plist; sourceTree = "<group>"; };
		B4C0336A2A0CFDC700628277 /* MainViewController.swift */ = {isa = PBXFileReference; lastKnownFileType = sourcecode.swift; path = MainViewController.swift; sourceTree = "<group>"; };
		B4C033742A0E77A100628277 /* UserDetailsViewController.swift */ = {isa = PBXFileReference; lastKnownFileType = sourcecode.swift; path = UserDetailsViewController.swift; sourceTree = "<group>"; };
		B4E1A6B72A123B140055DD49 /* HomePageViewController.swift */ = {isa = PBXFileReference; lastKnownFileType = sourcecode.swift; path = HomePageViewController.swift; sourceTree = "<group>"; };
		B4E1A6BC2A1392C00055DD49 /* Exercise.swift */ = {isa = PBXFileReference; lastKnownFileType = sourcecode.swift; path = Exercise.swift; sourceTree = "<group>"; };
		B4E1A6C12A1398990055DD49 /* ExerciseCell.swift */ = {isa = PBXFileReference; lastKnownFileType = sourcecode.swift; path = ExerciseCell.swift; sourceTree = "<group>"; };
		B4E1A6C32A148C140055DD49 /* ExerciseDetailViewController.swift */ = {isa = PBXFileReference; lastKnownFileType = sourcecode.swift; path = ExerciseDetailViewController.swift; sourceTree = "<group>"; };
		B4E1A6C52A14D3580055DD49 /* RegistrationViewController.swift */ = {isa = PBXFileReference; lastKnownFileType = sourcecode.swift; path = RegistrationViewController.swift; sourceTree = "<group>"; };
		B4E1A6C72A14DA100055DD49 /* LoginViewController.swift */ = {isa = PBXFileReference; lastKnownFileType = sourcecode.swift; path = LoginViewController.swift; sourceTree = "<group>"; };
/* End PBXFileReference section */

/* Begin PBXFrameworksBuildPhase section */
		B4C032EC2A06C93800628277 /* Frameworks */ = {
			isa = PBXFrameworksBuildPhase;
			buildActionMask = 2147483647;
			files = (
			);
			runOnlyForDeploymentPostprocessing = 0;
		};
/* End PBXFrameworksBuildPhase section */

/* Begin PBXGroup section */
		B4C032E62A06C93800628277 = {
			isa = PBXGroup;
			children = (
				B4C032F12A06C93800628277 /* iOS-FinalProject */,
				B4C032F02A06C93800628277 /* Products */,
			);
			sourceTree = "<group>";
		};
		B4C032F02A06C93800628277 /* Products */ = {
			isa = PBXGroup;
			children = (
				B4C032EF2A06C93800628277 /* iOS-FinalProject.app */,
			);
			name = Products;
			sourceTree = "<group>";
		};
		B4C032F12A06C93800628277 /* iOS-FinalProject */ = {
			isa = PBXGroup;
			children = (
				B4E1A6BE2A13940F0055DD49 /* Views */,
				B4E1A6BB2A13923B0055DD49 /* Models */,
				B4C033692A0CFD9400628277 /* Controllers */,
				B4C032F22A06C93800628277 /* AppDelegate.swift */,
				B4C032F42A06C93800628277 /* SceneDelegate.swift */,
				B4C032FB2A06C93900628277 /* Assets.xcassets */,
				B4C032FD2A06C93900628277 /* LaunchScreen.storyboard */,
				B4C033002A06C93900628277 /* Info.plist */,
			);
			path = "iOS-FinalProject";
			sourceTree = "<group>";
		};
		B4C033692A0CFD9400628277 /* Controllers */ = {
			isa = PBXGroup;
			children = (
				B4C0336A2A0CFDC700628277 /* MainViewController.swift */,
				B4C033742A0E77A100628277 /* UserDetailsViewController.swift */,
				B4E1A6B72A123B140055DD49 /* HomePageViewController.swift */,
				B4E1A6C32A148C140055DD49 /* ExerciseDetailViewController.swift */,
				B4E1A6C52A14D3580055DD49 /* RegistrationViewController.swift */,
				B4E1A6C72A14DA100055DD49 /* LoginViewController.swift */,
			);
			path = Controllers;
			sourceTree = "<group>";
		};
		B4E1A6BB2A13923B0055DD49 /* Models */ = {
			isa = PBXGroup;
			children = (
				B4E1A6BC2A1392C00055DD49 /* Exercise.swift */,
			);
			path = Models;
			sourceTree = "<group>";
		};
		B4E1A6BE2A13940F0055DD49 /* Views */ = {
			isa = PBXGroup;
			children = (
				B4E1A6C12A1398990055DD49 /* ExerciseCell.swift */,
			);
			path = Views;
			sourceTree = "<group>";
		};
/* End PBXGroup section */

/* Begin PBXNativeTarget section */
		B4C032EE2A06C93800628277 /* iOS-FinalProject */ = {
			isa = PBXNativeTarget;
			buildConfigurationList = B4C033032A06C93900628277 /* Build configuration list for PBXNativeTarget "iOS-FinalProject" */;
			buildPhases = (
				B4C032EB2A06C93800628277 /* Sources */,
				B4C032EC2A06C93800628277 /* Frameworks */,
				B4C032ED2A06C93800628277 /* Resources */,
			);
			buildRules = (
			);
			dependencies = (
			);
			name = "iOS-FinalProject";
			productName = "iOS-FinalProject";
			productReference = B4C032EF2A06C93800628277 /* iOS-FinalProject.app */;
			productType = "com.apple.product-type.application";
		};
/* End PBXNativeTarget section */

/* Begin PBXProject section */
		B4C032E72A06C93800628277 /* Project object */ = {
			isa = PBXProject;
			attributes = {
				BuildIndependentTargetsInParallel = 1;
				LastSwiftUpdateCheck = 1420;
				LastUpgradeCheck = 1420;
				TargetAttributes = {
					B4C032EE2A06C93800628277 = {
						CreatedOnToolsVersion = 14.2;
					};
				};
			};
			buildConfigurationList = B4C032EA2A06C93800628277 /* Build configuration list for PBXProject "iOS-FinalProject" */;
			compatibilityVersion = "Xcode 14.0";
			developmentRegion = en;
			hasScannedForEncodings = 0;
			knownRegions = (
				en,
				Base,
			);
			mainGroup = B4C032E62A06C93800628277;
			productRefGroup = B4C032F02A06C93800628277 /* Products */;
			projectDirPath = "";
			projectRoot = "";
			targets = (
				B4C032EE2A06C93800628277 /* iOS-FinalProject */,
			);
		};
/* End PBXProject section */

/* Begin PBXResourcesBuildPhase section */
		B4C032ED2A06C93800628277 /* Resources */ = {
			isa = PBXResourcesBuildPhase;
			buildActionMask = 2147483647;
			files = (
				B4C032FF2A06C93900628277 /* LaunchScreen.storyboard in Resources */,
				B4C032FC2A06C93900628277 /* Assets.xcassets in Resources */,
			);
			runOnlyForDeploymentPostprocessing = 0;
		};
/* End PBXResourcesBuildPhase section */

/* Begin PBXSourcesBuildPhase section */
		B4C032EB2A06C93800628277 /* Sources */ = {
			isa = PBXSourcesBuildPhase;
			buildActionMask = 2147483647;
			files = (
				B4C032F32A06C93800628277 /* AppDelegate.swift in Sources */,
				B4C032F52A06C93800628277 /* SceneDelegate.swift in Sources */,
				B4C033752A0E77A100628277 /* UserDetailsViewController.swift in Sources */,
				B4E1A6C62A14D3580055DD49 /* RegistrationViewController.swift in Sources */,
				B4E1A6C42A148C140055DD49 /* ExerciseDetailViewController.swift in Sources */,
				B4E1A6B82A123B140055DD49 /* HomePageViewController.swift in Sources */,
				B4E1A6C22A1398990055DD49 /* ExerciseCell.swift in Sources */,
				B4E1A6BD2A1392C00055DD49 /* Exercise.swift in Sources */,
				B4E1A6C82A14DA100055DD49 /* LoginViewController.swift in Sources */,
				B4C0336B2A0CFDC700628277 /* MainViewController.swift in Sources */,
			);
			runOnlyForDeploymentPostprocessing = 0;
		};
/* End PBXSourcesBuildPhase section */

/* Begin PBXVariantGroup section */
		B4C032FD2A06C93900628277 /* LaunchScreen.storyboard */ = {
			isa = PBXVariantGroup;
			children = (
				B4C032FE2A06C93900628277 /* Base */,
			);
			name = LaunchScreen.storyboard;
			sourceTree = "<group>";
		};
/* End PBXVariantGroup section */

/* Begin XCBuildConfiguration section */
		B4C033012A06C93900628277 /* Debug */ = {
			isa = XCBuildConfiguration;
			buildSettings = {
				ALWAYS_SEARCH_USER_PATHS = NO;
				CLANG_ANALYZER_NONNULL = YES;
				CLANG_ANALYZER_NUMBER_OBJECT_CONVERSION = YES_AGGRESSIVE;
				CLANG_CXX_LANGUAGE_STANDARD = "gnu++20";
				CLANG_ENABLE_MODULES = YES;
				CLANG_ENABLE_OBJC_ARC = YES;
				CLANG_ENABLE_OBJC_WEAK = YES;
				CLANG_WARN_BLOCK_CAPTURE_AUTORELEASING = YES;
				CLANG_WARN_BOOL_CONVERSION = YES;
				CLANG_WARN_COMMA = YES;
				CLANG_WARN_CONSTANT_CONVERSION = YES;
				CLANG_WARN_DEPRECATED_OBJC_IMPLEMENTATIONS = YES;
				CLANG_WARN_DIRECT_OBJC_ISA_USAGE = YES_ERROR;
				CLANG_WARN_DOCUMENTATION_COMMENTS = YES;
				CLANG_WARN_EMPTY_BODY = YES;
				CLANG_WARN_ENUM_CONVERSION = YES;
				CLANG_WARN_INFINITE_RECURSION = YES;
				CLANG_WARN_INT_CONVERSION = YES;
				CLANG_WARN_NON_LITERAL_NULL_CONVERSION = YES;
				CLANG_WARN_OBJC_IMPLICIT_RETAIN_SELF = YES;
				CLANG_WARN_OBJC_LITERAL_CONVERSION = YES;
				CLANG_WARN_OBJC_ROOT_CLASS = YES_ERROR;
				CLANG_WARN_QUOTED_INCLUDE_IN_FRAMEWORK_HEADER = YES;
				CLANG_WARN_RANGE_LOOP_ANALYSIS = YES;
				CLANG_WARN_STRICT_PROTOTYPES = YES;
				CLANG_WARN_SUSPICIOUS_MOVE = YES;
				CLANG_WARN_UNGUARDED_AVAILABILITY = YES_AGGRESSIVE;
				CLANG_WARN_UNREACHABLE_CODE = YES;
				CLANG_WARN__DUPLICATE_METHOD_MATCH = YES;
				COPY_PHASE_STRIP = NO;
				DEBUG_INFORMATION_FORMAT = dwarf;
				ENABLE_STRICT_OBJC_MSGSEND = YES;
				ENABLE_TESTABILITY = YES;
				GCC_C_LANGUAGE_STANDARD = gnu11;
				GCC_DYNAMIC_NO_PIC = NO;
				GCC_NO_COMMON_BLOCKS = YES;
				GCC_OPTIMIZATION_LEVEL = 0;
				GCC_PREPROCESSOR_DEFINITIONS = (
					"DEBUG=1",
					"$(inherited)",
				);
				GCC_WARN_64_TO_32_BIT_CONVERSION = YES;
				GCC_WARN_ABOUT_RETURN_TYPE = YES_ERROR;
				GCC_WARN_UNDECLARED_SELECTOR = YES;
				GCC_WARN_UNINITIALIZED_AUTOS = YES_AGGRESSIVE;
				GCC_WARN_UNUSED_FUNCTION = YES;
				GCC_WARN_UNUSED_VARIABLE = YES;
				IPHONEOS_DEPLOYMENT_TARGET = 16.2;
				MTL_ENABLE_DEBUG_INFO = INCLUDE_SOURCE;
				MTL_FAST_MATH = YES;
				ONLY_ACTIVE_ARCH = YES;
				SDKROOT = iphoneos;
				SWIFT_ACTIVE_COMPILATION_CONDITIONS = DEBUG;
				SWIFT_OPTIMIZATION_LEVEL = "-Onone";
			};
			name = Debug;
		};
		B4C033022A06C93900628277 /* Release */ = {
			isa = XCBuildConfiguration;
			buildSettings = {
				ALWAYS_SEARCH_USER_PATHS = NO;
				CLANG_ANALYZER_NONNULL = YES;
				CLANG_ANALYZER_NUMBER_OBJECT_CONVERSION = YES_AGGRESSIVE;
				CLANG_CXX_LANGUAGE_STANDARD = "gnu++20";
				CLANG_ENABLE_MODULES = YES;
				CLANG_ENABLE_OBJC_ARC = YES;
				CLANG_ENABLE_OBJC_WEAK = YES;
				CLANG_WARN_BLOCK_CAPTURE_AUTORELEASING = YES;
				CLANG_WARN_BOOL_CONVERSION = YES;
				CLANG_WARN_COMMA = YES;
				CLANG_WARN_CONSTANT_CONVERSION = YES;
				CLANG_WARN_DEPRECATED_OBJC_IMPLEMENTATIONS = YES;
				CLANG_WARN_DIRECT_OBJC_ISA_USAGE = YES_ERROR;
				CLANG_WARN_DOCUMENTATION_COMMENTS = YES;
				CLANG_WARN_EMPTY_BODY = YES;
				CLANG_WARN_ENUM_CONVERSION = YES;
				CLANG_WARN_INFINITE_RECURSION = YES;
				CLANG_WARN_INT_CONVERSION = YES;
				CLANG_WARN_NON_LITERAL_NULL_CONVERSION = YES;
				CLANG_WARN_OBJC_IMPLICIT_RETAIN_SELF = YES;
				CLANG_WARN_OBJC_LITERAL_CONVERSION = YES;
				CLANG_WARN_OBJC_ROOT_CLASS = YES_ERROR;
				CLANG_WARN_QUOTED_INCLUDE_IN_FRAMEWORK_HEADER = YES;
				CLANG_WARN_RANGE_LOOP_ANALYSIS = YES;
				CLANG_WARN_STRICT_PROTOTYPES = YES;
				CLANG_WARN_SUSPICIOUS_MOVE = YES;
				CLANG_WARN_UNGUARDED_AVAILABILITY = YES_AGGRESSIVE;
				CLANG_WARN_UNREACHABLE_CODE = YES;
				CLANG_WARN__DUPLICATE_METHOD_MATCH = YES;
				COPY_PHASE_STRIP = NO;
				DEBUG_INFORMATION_FORMAT = "dwarf-with-dsym";
				ENABLE_NS_ASSERTIONS = NO;
				ENABLE_STRICT_OBJC_MSGSEND = YES;
				GCC_C_LANGUAGE_STANDARD = gnu11;
				GCC_NO_COMMON_BLOCKS = YES;
				GCC_WARN_64_TO_32_BIT_CONVERSION = YES;
				GCC_WARN_ABOUT_RETURN_TYPE = YES_ERROR;
				GCC_WARN_UNDECLARED_SELECTOR = YES;
				GCC_WARN_UNINITIALIZED_AUTOS = YES_AGGRESSIVE;
				GCC_WARN_UNUSED_FUNCTION = YES;
				GCC_WARN_UNUSED_VARIABLE = YES;
				IPHONEOS_DEPLOYMENT_TARGET = 16.2;
				MTL_ENABLE_DEBUG_INFO = NO;
				MTL_FAST_MATH = YES;
				SDKROOT = iphoneos;
				SWIFT_COMPILATION_MODE = wholemodule;
				SWIFT_OPTIMIZATION_LEVEL = "-O";
				VALIDATE_PRODUCT = YES;
			};
			name = Release;
		};
		B4C033042A06C93900628277 /* Debug */ = {
			isa = XCBuildConfiguration;
			buildSettings = {
				ASSETCATALOG_COMPILER_APPICON_NAME = AppIcon;
				ASSETCATALOG_COMPILER_GLOBAL_ACCENT_COLOR_NAME = AccentColor;
				CODE_SIGN_STYLE = Automatic;
				CURRENT_PROJECT_VERSION = 1;
				DEVELOPMENT_TEAM = 6D7CK5NWXF;
				GENERATE_INFOPLIST_FILE = YES;
				INFOPLIST_FILE = "iOS-FinalProject/Info.plist";
				INFOPLIST_KEY_UIApplicationSupportsIndirectInputEvents = YES;
				INFOPLIST_KEY_UILaunchStoryboardName = LaunchScreen;
				INFOPLIST_KEY_UISupportedInterfaceOrientations_iPad = "UIInterfaceOrientationPortrait UIInterfaceOrientationPortraitUpsideDown UIInterfaceOrientationLandscapeLeft UIInterfaceOrientationLandscapeRight";
				INFOPLIST_KEY_UISupportedInterfaceOrientations_iPhone = "UIInterfaceOrientationPortrait UIInterfaceOrientationLandscapeLeft UIInterfaceOrientationLandscapeRight";
				LD_RUNPATH_SEARCH_PATHS = (
					"$(inherited)",
					"@executable_path/Frameworks",
				);
				MARKETING_VERSION = 1.0;
				PRODUCT_BUNDLE_IDENTIFIER = "com.lakna.attigala.iOS-FinalProject";
				PRODUCT_NAME = "$(TARGET_NAME)";
				SWIFT_EMIT_LOC_STRINGS = YES;
				SWIFT_VERSION = 5.0;
				TARGETED_DEVICE_FAMILY = "1,2";
			};
			name = Debug;
		};
		B4C033052A06C93900628277 /* Release */ = {
			isa = XCBuildConfiguration;
			buildSettings = {
				ASSETCATALOG_COMPILER_APPICON_NAME = AppIcon;
				ASSETCATALOG_COMPILER_GLOBAL_ACCENT_COLOR_NAME = AccentColor;
				CODE_SIGN_STYLE = Automatic;
				CURRENT_PROJECT_VERSION = 1;
				DEVELOPMENT_TEAM = 6D7CK5NWXF;
				GENERATE_INFOPLIST_FILE = YES;
				INFOPLIST_FILE = "iOS-FinalProject/Info.plist";
				INFOPLIST_KEY_UIApplicationSupportsIndirectInputEvents = YES;
				INFOPLIST_KEY_UILaunchStoryboardName = LaunchScreen;
				INFOPLIST_KEY_UISupportedInterfaceOrientations_iPad = "UIInterfaceOrientationPortrait UIInterfaceOrientationPortraitUpsideDown UIInterfaceOrientationLandscapeLeft UIInterfaceOrientationLandscapeRight";
				INFOPLIST_KEY_UISupportedInterfaceOrientations_iPhone = "UIInterfaceOrientationPortrait UIInterfaceOrientationLandscapeLeft UIInterfaceOrientationLandscapeRight";
				LD_RUNPATH_SEARCH_PATHS = (
					"$(inherited)",
					"@executable_path/Frameworks",
				);
				MARKETING_VERSION = 1.0;
				PRODUCT_BUNDLE_IDENTIFIER = "com.lakna.attigala.iOS-FinalProject";
				PRODUCT_NAME = "$(TARGET_NAME)";
				SWIFT_EMIT_LOC_STRINGS = YES;
				SWIFT_VERSION = 5.0;
				TARGETED_DEVICE_FAMILY = "1,2";
			};
			name = Release;
		};
/* End XCBuildConfiguration section */

/* Begin XCConfigurationList section */
		B4C032EA2A06C93800628277 /* Build configuration list for PBXProject "iOS-FinalProject" */ = {
			isa = XCConfigurationList;
			buildConfigurations = (
				B4C033012A06C93900628277 /* Debug */,
				B4C033022A06C93900628277 /* Release */,
			);
			defaultConfigurationIsVisible = 0;
			defaultConfigurationName = Release;
		};
		B4C033032A06C93900628277 /* Build configuration list for PBXNativeTarget "iOS-FinalProject" */ = {
			isa = XCConfigurationList;
			buildConfigurations = (
				B4C033042A06C93900628277 /* Debug */,
				B4C033052A06C93900628277 /* Release */,
			);
			defaultConfigurationIsVisible = 0;
			defaultConfigurationName = Release;
		};
/* End XCConfigurationList section */
	};
	rootObject = B4C032E72A06C93800628277 /* Project object */;
}
